// !$*UTF8*$!
{
	archiveVersion = 1;
	classes = {
	};
	objectVersion = 55;
	objects = {

/* Begin PBXBuildFile section */
		971E70E027D61D2A003480C8 /* Shape+Extensions.swift in Sources */ = {isa = PBXBuildFile; fileRef = 971E70DF27D61D2A003480C8 /* Shape+Extensions.swift */; };
		971E70E227D639A5003480C8 /* SetCardView.swift in Sources */ = {isa = PBXBuildFile; fileRef = 971E70E127D639A5003480C8 /* SetCardView.swift */; };
		975B14A627C5910A00FF79D6 /* Rhombus.swift in Sources */ = {isa = PBXBuildFile; fileRef = 975B14A527C5910A00FF79D6 /* Rhombus.swift */; };
		975B14A927C7F1D000FF79D6 /* Squiggle.swift in Sources */ = {isa = PBXBuildFile; fileRef = 975B14A827C7F1D000FF79D6 /* Squiggle.swift */; };
		97727DB827C559C3006337E1 /* Assets.xcassets in Resources */ = {isa = PBXBuildFile; fileRef = 97727DAC27C559C3006337E1 /* Assets.xcassets */; };
		97727DB927C559C3006337E1 /* Preview Assets.xcassets in Resources */ = {isa = PBXBuildFile; fileRef = 97727DAE27C559C3006337E1 /* Preview Assets.xcassets */; };
		97727DBA27C559C3006337E1 /* SetGame.swift in Sources */ = {isa = PBXBuildFile; fileRef = 97727DB027C559C3006337E1 /* SetGame.swift */; };
		97727DBB27C559C3006337E1 /* SetCardGameView.swift in Sources */ = {isa = PBXBuildFile; fileRef = 97727DB227C559C3006337E1 /* SetCardGameView.swift */; };
		97727DBC27C559C3006337E1 /* SetGameApp.swift in Sources */ = {isa = PBXBuildFile; fileRef = 97727DB327C559C3006337E1 /* SetGameApp.swift */; };
		97727DBE27C55CD0006337E1 /* Grid.swift in Sources */ = {isa = PBXBuildFile; fileRef = 97727DBD27C55CD0006337E1 /* Grid.swift */; };
		97727DC027C56D79006337E1 /* SetCard.swift in Sources */ = {isa = PBXBuildFile; fileRef = 97727DBF27C56D79006337E1 /* SetCard.swift */; };
		97727DC227C58891006337E1 /* SetCardDeck.swift in Sources */ = {isa = PBXBuildFile; fileRef = 97727DC127C58891006337E1 /* SetCardDeck.swift */; };
		9785CF7F27F9F6DA007022FB /* Transiotion+Extensions.swift in Sources */ = {isa = PBXBuildFile; fileRef = 9785CF7E27F9F6DA007022FB /* Transiotion+Extensions.swift */; };
		97A3C4D027D3838E00130717 /* StripedRect.swift in Sources */ = {isa = PBXBuildFile; fileRef = 97A3C4CF27D3838E00130717 /* StripedRect.swift */; };
		97ACACC827DFA4DA00658BBA /* SetCardGame.swift in Sources */ = {isa = PBXBuildFile; fileRef = 97ACACC727DFA4DA00658BBA /* SetCardGame.swift */; };
		97FD961B27F87C5E00C4CE2A /* RainDrop.swift in Sources */ = {isa = PBXBuildFile; fileRef = 97FD961A27F87C5E00C4CE2A /* RainDrop.swift */; };
		97FD961D27F892F800C4CE2A /* GridLayout.swift in Sources */ = {isa = PBXBuildFile; fileRef = 97FD961C27F892F800C4CE2A /* GridLayout.swift */; };
/* End PBXBuildFile section */

/* Begin PBXFileReference section */
		971E70DF27D61D2A003480C8 /* Shape+Extensions.swift */ = {isa = PBXFileReference; lastKnownFileType = sourcecode.swift; path = "Shape+Extensions.swift"; sourceTree = "<group>"; };
		971E70E127D639A5003480C8 /* SetCardView.swift */ = {isa = PBXFileReference; lastKnownFileType = sourcecode.swift; path = SetCardView.swift; sourceTree = "<group>"; };
		975B14A527C5910A00FF79D6 /* Rhombus.swift */ = {isa = PBXFileReference; lastKnownFileType = sourcecode.swift; path = Rhombus.swift; sourceTree = "<group>"; };
		975B14A827C7F1D000FF79D6 /* Squiggle.swift */ = {isa = PBXFileReference; lastKnownFileType = sourcecode.swift; path = Squiggle.swift; sourceTree = "<group>"; };
		97727DAC27C559C3006337E1 /* Assets.xcassets */ = {isa = PBXFileReference; lastKnownFileType = folder.assetcatalog; path = Assets.xcassets; sourceTree = "<group>"; };
		97727DAE27C559C3006337E1 /* Preview Assets.xcassets */ = {isa = PBXFileReference; lastKnownFileType = folder.assetcatalog; path = "Preview Assets.xcassets"; sourceTree = "<group>"; };
		97727DB027C559C3006337E1 /* SetGame.swift */ = {isa = PBXFileReference; fileEncoding = 4; lastKnownFileType = sourcecode.swift; path = SetGame.swift; sourceTree = "<group>"; };
		97727DB227C559C3006337E1 /* SetCardGameView.swift */ = {isa = PBXFileReference; fileEncoding = 4; lastKnownFileType = sourcecode.swift; path = SetCardGameView.swift; sourceTree = "<group>"; };
		97727DB327C559C3006337E1 /* SetGameApp.swift */ = {isa = PBXFileReference; fileEncoding = 4; lastKnownFileType = sourcecode.swift; path = SetGameApp.swift; sourceTree = "<group>"; };
		97727DB427C559C3006337E1 /* Set.xcodeproj */ = {isa = PBXFileReference; lastKnownFileType = "wrapper.pb-project"; path = Set.xcodeproj; sourceTree = "<group>"; };
		97727DBD27C55CD0006337E1 /* Grid.swift */ = {isa = PBXFileReference; lastKnownFileType = sourcecode.swift; path = Grid.swift; sourceTree = "<group>"; };
		97727DBF27C56D79006337E1 /* SetCard.swift */ = {isa = PBXFileReference; lastKnownFileType = sourcecode.swift; path = SetCard.swift; sourceTree = "<group>"; };
		97727DC127C58891006337E1 /* SetCardDeck.swift */ = {isa = PBXFileReference; lastKnownFileType = sourcecode.swift; path = SetCardDeck.swift; sourceTree = "<group>"; };
		9785CF7E27F9F6DA007022FB /* Transiotion+Extensions.swift */ = {isa = PBXFileReference; lastKnownFileType = sourcecode.swift; path = "Transiotion+Extensions.swift"; sourceTree = "<group>"; };
		97A3C4CF27D3838E00130717 /* StripedRect.swift */ = {isa = PBXFileReference; lastKnownFileType = sourcecode.swift; path = StripedRect.swift; sourceTree = "<group>"; };
		97ACACC727DFA4DA00658BBA /* SetCardGame.swift */ = {isa = PBXFileReference; lastKnownFileType = sourcecode.swift; path = SetCardGame.swift; sourceTree = "<group>"; };
		97E5E95527C41CB800A3E98C /* Set.app */ = {isa = PBXFileReference; explicitFileType = wrapper.application; includeInIndex = 0; path = Set.app; sourceTree = BUILT_PRODUCTS_DIR; };
		97FD961A27F87C5E00C4CE2A /* RainDrop.swift */ = {isa = PBXFileReference; lastKnownFileType = sourcecode.swift; path = RainDrop.swift; sourceTree = "<group>"; };
		97FD961C27F892F800C4CE2A /* GridLayout.swift */ = {isa = PBXFileReference; lastKnownFileType = sourcecode.swift; path = GridLayout.swift; sourceTree = "<group>"; };
/* End PBXFileReference section */

/* Begin PBXFrameworksBuildPhase section */
		97E5E95227C41CB800A3E98C /* Frameworks */ = {
			isa = PBXFrameworksBuildPhase;
			buildActionMask = 2147483647;
			files = (
			);
			runOnlyForDeploymentPostprocessing = 0;
		};
/* End PBXFrameworksBuildPhase section */

/* Begin PBXGroup section */
		975B14A727C5911C00FF79D6 /* Shape */ = {
			isa = PBXGroup;
			children = (
				975B14A527C5910A00FF79D6 /* Rhombus.swift */,
				975B14A827C7F1D000FF79D6 /* Squiggle.swift */,
				97A3C4CF27D3838E00130717 /* StripedRect.swift */,
				971E70DF27D61D2A003480C8 /* Shape+Extensions.swift */,
				97FD961A27F87C5E00C4CE2A /* RainDrop.swift */,
			);
			path = Shape;
			sourceTree = "<group>";
		};
		97727DA827C559C3006337E1 /* Set */ = {
			isa = PBXGroup;
			children = (
				97727DA927C559C3006337E1 /* Set */,
				97727DB427C559C3006337E1 /* Set.xcodeproj */,
			);
			name = Set;
			sourceTree = "<group>";
		};
		97727DA927C559C3006337E1 /* Set */ = {
			isa = PBXGroup;
			children = (
				97727DB327C559C3006337E1 /* SetGameApp.swift */,
				97727DAF27C559C3006337E1 /* Model */,
				97727DAA27C559C3006337E1 /* ViewModel */,
				97727DB127C559C3006337E1 /* View */,
				97727DAC27C559C3006337E1 /* Assets.xcassets */,
				97ACACC927DFB65200658BBA /* Helper */,
				97727DAD27C559C3006337E1 /* Preview Content */,
			);
			path = Set;
			sourceTree = "<group>";
		};
		97727DAA27C559C3006337E1 /* ViewModel */ = {
			isa = PBXGroup;
			children = (
				97ACACC727DFA4DA00658BBA /* SetCardGame.swift */,
			);
			path = ViewModel;
			sourceTree = "<group>";
		};
		97727DAD27C559C3006337E1 /* Preview Content */ = {
			isa = PBXGroup;
			children = (
				97727DAE27C559C3006337E1 /* Preview Assets.xcassets */,
			);
			path = "Preview Content";
			sourceTree = "<group>";
		};
		97727DAF27C559C3006337E1 /* Model */ = {
			isa = PBXGroup;
			children = (
				97727DB027C559C3006337E1 /* SetGame.swift */,
				97727DBF27C56D79006337E1 /* SetCard.swift */,
				97727DC127C58891006337E1 /* SetCardDeck.swift */,
			);
			path = Model;
			sourceTree = "<group>";
		};
		97727DB127C559C3006337E1 /* View */ = {
			isa = PBXGroup;
			children = (
				971E70E127D639A5003480C8 /* SetCardView.swift */,
				97727DB227C559C3006337E1 /* SetCardGameView.swift */,
				9785CF7E27F9F6DA007022FB /* Transiotion+Extensions.swift */,
				975B14A727C5911C00FF79D6 /* Shape */,
			);
			path = View;
			sourceTree = "<group>";
		};
		97727DB527C559C3006337E1 /* Products */ = {
			isa = PBXGroup;
			name = Products;
			sourceTree = "<group>";
		};
		97ACACC927DFB65200658BBA /* Helper */ = {
			isa = PBXGroup;
			children = (
				97727DBD27C55CD0006337E1 /* Grid.swift */,
				97FD961C27F892F800C4CE2A /* GridLayout.swift */,
			);
			path = Helper;
			sourceTree = "<group>";
		};
		97E5E94C27C41CB800A3E98C = {
			isa = PBXGroup;
			children = (
				97727DA827C559C3006337E1 /* Set */,
				97E5E95627C41CB800A3E98C /* Products */,
			);
			sourceTree = "<group>";
		};
		97E5E95627C41CB800A3E98C /* Products */ = {
			isa = PBXGroup;
			children = (
				97E5E95527C41CB800A3E98C /* Set.app */,
			);
			name = Products;
			sourceTree = "<group>";
		};
/* End PBXGroup section */

/* Begin PBXNativeTarget section */
		97E5E95427C41CB800A3E98C /* Set */ = {
			isa = PBXNativeTarget;
			buildConfigurationList = 97E5E96327C41CB900A3E98C /* Build configuration list for PBXNativeTarget "Set" */;
			buildPhases = (
				97E5E95127C41CB800A3E98C /* Sources */,
				97E5E95227C41CB800A3E98C /* Frameworks */,
				97E5E95327C41CB800A3E98C /* Resources */,
			);
			buildRules = (
			);
			dependencies = (
			);
			name = Set;
			productName = Set;
			productReference = 97E5E95527C41CB800A3E98C /* Set.app */;
			productType = "com.apple.product-type.application";
		};
/* End PBXNativeTarget section */

/* Begin PBXProject section */
		97E5E94D27C41CB800A3E98C /* Project object */ = {
			isa = PBXProject;
			attributes = {
				BuildIndependentTargetsInParallel = 1;
				LastSwiftUpdateCheck = 1320;
				LastUpgradeCheck = 1320;
				TargetAttributes = {
					97E5E95427C41CB800A3E98C = {
						CreatedOnToolsVersion = 13.2.1;
						LastSwiftMigration = 1320;
					};
				};
			};
			buildConfigurationList = 97E5E95027C41CB800A3E98C /* Build configuration list for PBXProject "Set" */;
			compatibilityVersion = "Xcode 13.0";
			developmentRegion = en;
			hasScannedForEncodings = 0;
			knownRegions = (
				en,
				Base,
			);
			mainGroup = 97E5E94C27C41CB800A3E98C;
			productRefGroup = 97E5E95627C41CB800A3E98C /* Products */;
			projectDirPath = "";
			projectReferences = (
				{
					ProductGroup = 97727DB527C559C3006337E1 /* Products */;
					ProjectRef = 97727DB427C559C3006337E1 /* Set.xcodeproj */;
				},
			);
			projectRoot = "";
			targets = (
				97E5E95427C41CB800A3E98C /* Set */,
			);
		};
/* End PBXProject section */

/* Begin PBXResourcesBuildPhase section */
		97E5E95327C41CB800A3E98C /* Resources */ = {
			isa = PBXResourcesBuildPhase;
			buildActionMask = 2147483647;
			files = (
				97727DB927C559C3006337E1 /* Preview Assets.xcassets in Resources */,
				97727DB827C559C3006337E1 /* Assets.xcassets in Resources */,
			);
			runOnlyForDeploymentPostprocessing = 0;
		};
/* End PBXResourcesBuildPhase section */

/* Begin PBXSourcesBuildPhase section */
		97E5E95127C41CB800A3E98C /* Sources */ = {
			isa = PBXSourcesBuildPhase;
			buildActionMask = 2147483647;
			files = (
				975B14A627C5910A00FF79D6 /* Rhombus.swift in Sources */,
				9785CF7F27F9F6DA007022FB /* Transiotion+Extensions.swift in Sources */,
				971E70E227D639A5003480C8 /* SetCardView.swift in Sources */,
				97A3C4D027D3838E00130717 /* StripedRect.swift in Sources */,
				97727DBC27C559C3006337E1 /* SetGameApp.swift in Sources */,
				97727DC027C56D79006337E1 /* SetCard.swift in Sources */,
				97FD961D27F892F800C4CE2A /* GridLayout.swift in Sources */,
				97FD961B27F87C5E00C4CE2A /* RainDrop.swift in Sources */,
				975B14A927C7F1D000FF79D6 /* Squiggle.swift in Sources */,
				97727DBA27C559C3006337E1 /* SetGame.swift in Sources */,
				97ACACC827DFA4DA00658BBA /* SetCardGame.swift in Sources */,
				97727DC227C58891006337E1 /* SetCardDeck.swift in Sources */,
				97727DBE27C55CD0006337E1 /* Grid.swift in Sources */,
				971E70E027D61D2A003480C8 /* Shape+Extensions.swift in Sources */,
				97727DBB27C559C3006337E1 /* SetCardGameView.swift in Sources */,
			);
			runOnlyForDeploymentPostprocessing = 0;
		};
/* End PBXSourcesBuildPhase section */

/* Begin XCBuildConfiguration section */
		97E5E96127C41CB900A3E98C /* Debug */ = {
			isa = XCBuildConfiguration;
			buildSettings = {
				ALWAYS_SEARCH_USER_PATHS = NO;
				CLANG_ANALYZER_NONNULL = YES;
				CLANG_ANALYZER_NUMBER_OBJECT_CONVERSION = YES_AGGRESSIVE;
				CLANG_CXX_LANGUAGE_STANDARD = "gnu++17";
				CLANG_CXX_LIBRARY = "libc++";
				CLANG_ENABLE_MODULES = YES;
				CLANG_ENABLE_OBJC_ARC = YES;
				CLANG_ENABLE_OBJC_WEAK = YES;
				CLANG_WARN_BLOCK_CAPTURE_AUTORELEASING = YES;
				CLANG_WARN_BOOL_CONVERSION = YES;
				CLANG_WARN_COMMA = YES;
				CLANG_WARN_CONSTANT_CONVERSION = YES;
				CLANG_WARN_DEPRECATED_OBJC_IMPLEMENTATIONS = YES;
				CLANG_WARN_DIRECT_OBJC_ISA_USAGE = YES_ERROR;
				CLANG_WARN_DOCUMENTATION_COMMENTS = YES;
				CLANG_WARN_EMPTY_BODY = YES;
				CLANG_WARN_ENUM_CONVERSION = YES;
				CLANG_WARN_INFINITE_RECURSION = YES;
				CLANG_WARN_INT_CONVERSION = YES;
				CLANG_WARN_NON_LITERAL_NULL_CONVERSION = YES;
				CLANG_WARN_OBJC_IMPLICIT_RETAIN_SELF = YES;
				CLANG_WARN_OBJC_LITERAL_CONVERSION = YES;
				CLANG_WARN_OBJC_ROOT_CLASS = YES_ERROR;
				CLANG_WARN_QUOTED_INCLUDE_IN_FRAMEWORK_HEADER = YES;
				CLANG_WARN_RANGE_LOOP_ANALYSIS = YES;
				CLANG_WARN_STRICT_PROTOTYPES = YES;
				CLANG_WARN_SUSPICIOUS_MOVE = YES;
				CLANG_WARN_UNGUARDED_AVAILABILITY = YES_AGGRESSIVE;
				CLANG_WARN_UNREACHABLE_CODE = YES;
				CLANG_WARN__DUPLICATE_METHOD_MATCH = YES;
				COPY_PHASE_STRIP = NO;
				DEBUG_INFORMATION_FORMAT = dwarf;
				ENABLE_STRICT_OBJC_MSGSEND = YES;
				ENABLE_TESTABILITY = YES;
				GCC_C_LANGUAGE_STANDARD = gnu11;
				GCC_DYNAMIC_NO_PIC = NO;
				GCC_NO_COMMON_BLOCKS = YES;
				GCC_OPTIMIZATION_LEVEL = 0;
				GCC_PREPROCESSOR_DEFINITIONS = (
					"DEBUG=1",
					"$(inherited)",
				);
				GCC_WARN_64_TO_32_BIT_CONVERSION = YES;
				GCC_WARN_ABOUT_RETURN_TYPE = YES_ERROR;
				GCC_WARN_UNDECLARED_SELECTOR = YES;
				GCC_WARN_UNINITIALIZED_AUTOS = YES_AGGRESSIVE;
				GCC_WARN_UNUSED_FUNCTION = YES;
				GCC_WARN_UNUSED_VARIABLE = YES;
				IPHONEOS_DEPLOYMENT_TARGET = 15.2;
				MTL_ENABLE_DEBUG_INFO = INCLUDE_SOURCE;
				MTL_FAST_MATH = YES;
				ONLY_ACTIVE_ARCH = YES;
				SDKROOT = iphoneos;
				SWIFT_ACTIVE_COMPILATION_CONDITIONS = DEBUG;
				SWIFT_OPTIMIZATION_LEVEL = "-Onone";
			};
			name = Debug;
		};
		97E5E96227C41CB900A3E98C /* Release */ = {
			isa = XCBuildConfiguration;
			buildSettings = {
				ALWAYS_SEARCH_USER_PATHS = NO;
				CLANG_ANALYZER_NONNULL = YES;
				CLANG_ANALYZER_NUMBER_OBJECT_CONVERSION = YES_AGGRESSIVE;
				CLANG_CXX_LANGUAGE_STANDARD = "gnu++17";
				CLANG_CXX_LIBRARY = "libc++";
				CLANG_ENABLE_MODULES = YES;
				CLANG_ENABLE_OBJC_ARC = YES;
				CLANG_ENABLE_OBJC_WEAK = YES;
				CLANG_WARN_BLOCK_CAPTURE_AUTORELEASING = YES;
				CLANG_WARN_BOOL_CONVERSION = YES;
				CLANG_WARN_COMMA = YES;
				CLANG_WARN_CONSTANT_CONVERSION = YES;
				CLANG_WARN_DEPRECATED_OBJC_IMPLEMENTATIONS = YES;
				CLANG_WARN_DIRECT_OBJC_ISA_USAGE = YES_ERROR;
				CLANG_WARN_DOCUMENTATION_COMMENTS = YES;
				CLANG_WARN_EMPTY_BODY = YES;
				CLANG_WARN_ENUM_CONVERSION = YES;
				CLANG_WARN_INFINITE_RECURSION = YES;
				CLANG_WARN_INT_CONVERSION = YES;
				CLANG_WARN_NON_LITERAL_NULL_CONVERSION = YES;
				CLANG_WARN_OBJC_IMPLICIT_RETAIN_SELF = YES;
				CLANG_WARN_OBJC_LITERAL_CONVERSION = YES;
				CLANG_WARN_OBJC_ROOT_CLASS = YES_ERROR;
				CLANG_WARN_QUOTED_INCLUDE_IN_FRAMEWORK_HEADER = YES;
				CLANG_WARN_RANGE_LOOP_ANALYSIS = YES;
				CLANG_WARN_STRICT_PROTOTYPES = YES;
				CLANG_WARN_SUSPICIOUS_MOVE = YES;
				CLANG_WARN_UNGUARDED_AVAILABILITY = YES_AGGRESSIVE;
				CLANG_WARN_UNREACHABLE_CODE = YES;
				CLANG_WARN__DUPLICATE_METHOD_MATCH = YES;
				COPY_PHASE_STRIP = NO;
				DEBUG_INFORMATION_FORMAT = "dwarf-with-dsym";
				ENABLE_NS_ASSERTIONS = NO;
				ENABLE_STRICT_OBJC_MSGSEND = YES;
				GCC_C_LANGUAGE_STANDARD = gnu11;
				GCC_NO_COMMON_BLOCKS = YES;
				GCC_WARN_64_TO_32_BIT_CONVERSION = YES;
				GCC_WARN_ABOUT_RETURN_TYPE = YES_ERROR;
				GCC_WARN_UNDECLARED_SELECTOR = YES;
				GCC_WARN_UNINITIALIZED_AUTOS = YES_AGGRESSIVE;
				GCC_WARN_UNUSED_FUNCTION = YES;
				GCC_WARN_UNUSED_VARIABLE = YES;
				IPHONEOS_DEPLOYMENT_TARGET = 15.2;
				MTL_ENABLE_DEBUG_INFO = NO;
				MTL_FAST_MATH = YES;
				SDKROOT = iphoneos;
				SWIFT_COMPILATION_MODE = wholemodule;
				SWIFT_OPTIMIZATION_LEVEL = "-O";
				VALIDATE_PRODUCT = YES;
			};
			name = Release;
		};
		97E5E96427C41CB900A3E98C /* Debug */ = {
			isa = XCBuildConfiguration;
			buildSettings = {
				ASSETCATALOG_COMPILER_APPICON_NAME = AppIcon;
				ASSETCATALOG_COMPILER_GLOBAL_ACCENT_COLOR_NAME = AccentColor;
				CLANG_ENABLE_MODULES = YES;
				CODE_SIGN_STYLE = Automatic;
				CURRENT_PROJECT_VERSION = 1;
				DEVELOPMENT_ASSET_PATHS = "\"Set/Preview Content\"";
				DEVELOPMENT_TEAM = Z74P6H535P;
				ENABLE_PREVIEWS = YES;
				GENERATE_INFOPLIST_FILE = YES;
				INFOPLIST_KEY_UIApplicationSceneManifest_Generation = YES;
				INFOPLIST_KEY_UIApplicationSupportsIndirectInputEvents = YES;
				INFOPLIST_KEY_UILaunchScreen_Generation = YES;
				INFOPLIST_KEY_UISupportedInterfaceOrientations_iPad = "UIInterfaceOrientationPortrait UIInterfaceOrientationPortraitUpsideDown UIInterfaceOrientationLandscapeLeft UIInterfaceOrientationLandscapeRight";
				INFOPLIST_KEY_UISupportedInterfaceOrientations_iPhone = "UIInterfaceOrientationPortrait UIInterfaceOrientationLandscapeLeft UIInterfaceOrientationLandscapeRight";
				LD_RUNPATH_SEARCH_PATHS = (
					"$(inherited)",
					"@executable_path/Frameworks",
				);
				MARKETING_VERSION = 1.0;
				PRODUCT_BUNDLE_IDENTIFIER = "Evgeniy-Nik.Set";
				PRODUCT_NAME = "$(TARGET_NAME)";
				SWIFT_EMIT_LOC_STRINGS = YES;
				SWIFT_OPTIMIZATION_LEVEL = "-Onone";
				SWIFT_VERSION = 5.0;
				TARGETED_DEVICE_FAMILY = "1,2";
			};
			name = Debug;
		};
		97E5E96527C41CB900A3E98C /* Release */ = {
			isa = XCBuildConfiguration;
			buildSettings = {
				ASSETCATALOG_COMPILER_APPICON_NAME = AppIcon;
				ASSETCATALOG_COMPILER_GLOBAL_ACCENT_COLOR_NAME = AccentColor;
				CLANG_ENABLE_MODULES = YES;
				CODE_SIGN_STYLE = Automatic;
				CURRENT_PROJECT_VERSION = 1;
				DEVELOPMENT_ASSET_PATHS = "\"Set/Preview Content\"";
				DEVELOPMENT_TEAM = Z74P6H535P;
				ENABLE_PREVIEWS = YES;
				GENERATE_INFOPLIST_FILE = YES;
				INFOPLIST_KEY_UIApplicationSceneManifest_Generation = YES;
				INFOPLIST_KEY_UIApplicationSupportsIndirectInputEvents = YES;
				INFOPLIST_KEY_UILaunchScreen_Generation = YES;
				INFOPLIST_KEY_UISupportedInterfaceOrientations_iPad = "UIInterfaceOrientationPortrait UIInterfaceOrientationPortraitUpsideDown UIInterfaceOrientationLandscapeLeft UIInterfaceOrientationLandscapeRight";
				INFOPLIST_KEY_UISupportedInterfaceOrientations_iPhone = "UIInterfaceOrientationPortrait UIInterfaceOrientationLandscapeLeft UIInterfaceOrientationLandscapeRight";
				LD_RUNPATH_SEARCH_PATHS = (
					"$(inherited)",
					"@executable_path/Frameworks",
				);
				MARKETING_VERSION = 1.0;
				PRODUCT_BUNDLE_IDENTIFIER = "Evgeniy-Nik.Set";
				PRODUCT_NAME = "$(TARGET_NAME)";
				SWIFT_EMIT_LOC_STRINGS = YES;
				SWIFT_VERSION = 5.0;
				TARGETED_DEVICE_FAMILY = "1,2";
			};
			name = Release;
		};
/* End XCBuildConfiguration section */

/* Begin XCConfigurationList section */
		97E5E95027C41CB800A3E98C /* Build configuration list for PBXProject "Set" */ = {
			isa = XCConfigurationList;
			buildConfigurations = (
				97E5E96127C41CB900A3E98C /* Debug */,
				97E5E96227C41CB900A3E98C /* Release */,
			);
			defaultConfigurationIsVisible = 0;
			defaultConfigurationName = Release;
		};
		97E5E96327C41CB900A3E98C /* Build configuration list for PBXNativeTarget "Set" */ = {
			isa = XCConfigurationList;
			buildConfigurations = (
				97E5E96427C41CB900A3E98C /* Debug */,
				97E5E96527C41CB900A3E98C /* Release */,
			);
			defaultConfigurationIsVisible = 0;
			defaultConfigurationName = Release;
		};
/* End XCConfigurationList section */
	};
	rootObject = 97E5E94D27C41CB800A3E98C /* Project object */;
}
